
Microsoft Visual Studio Solution File, Format Version 12.00
# Visual Studio Version 17
VisualStudioVersion = 17.3.32708.82
MinimumVisualStudioVersion = 10.0.40219.1
Project("{9A19103F-16F7-4668-BE54-9A1E7A4F7556}") = "MagicGradients.Core", "src\MagicGradients.Core\MagicGradients.Core.csproj", "{C5AB0CB6-5189-48E4-85DF-D254662C2AED}"
EndProject
Project("{9A19103F-16F7-4668-BE54-9A1E7A4F7556}") = "MagicGradients.Maui", "src\MagicGradients.Maui\MagicGradients.Maui.csproj", "{377384E9-6680-4E36-BD4F-5607DF30469B}"
EndProject
Project("{9A19103F-16F7-4668-BE54-9A1E7A4F7556}") = "GradientsApp.Maui", "samples\GradientsApp\GradientsApp.Maui\GradientsApp.Maui.csproj", "{6FFB471B-658B-421D-A446-5C94EA543CC9}"
EndProject
Project("{9A19103F-16F7-4668-BE54-9A1E7A4F7556}") = "GradientsApp", "samples\GradientsApp\GradientsApp\GradientsApp.csproj", "{7AC4F29F-0D47-4E62-A0A4-22D32355DAA8}"
EndProject
Project("{9A19103F-16F7-4668-BE54-9A1E7A4F7556}") = "GradientsApp.Data", "samples\GradientsApp\GradientsApp.Data\GradientsApp.Data.csproj", "{9BF556C5-C446-4F51-8EF1-2E488424485B}"
EndProject
Global
	GlobalSection(SolutionConfigurationPlatforms) = preSolution
		Debug|Any CPU = Debug|Any CPU
		Release|Any CPU = Release|Any CPU
	EndGlobalSection
	GlobalSection(ProjectConfigurationPlatforms) = postSolution
		{C5AB0CB6-5189-48E4-85DF-D254662C2AED}.Debug|Any CPU.ActiveCfg = Debug|Any CPU
		{C5AB0CB6-5189-48E4-85DF-D254662C2AED}.Debug|Any CPU.Build.0 = Debug|Any CPU
		{C5AB0CB6-5189-48E4-85DF-D254662C2AED}.Release|Any CPU.ActiveCfg = Release|Any CPU
		{C5AB0CB6-5189-48E4-85DF-D254662C2AED}.Release|Any CPU.Build.0 = Release|Any CPU
		{377384E9-6680-4E36-BD4F-5607DF30469B}.Debug|Any CPU.ActiveCfg = Debug|Any CPU
		{377384E9-6680-4E36-BD4F-5607DF30469B}.Debug|Any CPU.Build.0 = Debug|Any CPU
		{377384E9-6680-4E36-BD4F-5607DF30469B}.Release|Any CPU.ActiveCfg = Release|Any CPU
		{377384E9-6680-4E36-BD4F-5607DF30469B}.Release|Any CPU.Build.0 = Release|Any CPU
		{6FFB471B-658B-421D-A446-5C94EA543CC9}.Debug|Any CPU.ActiveCfg = Debug|Any CPU
		{6FFB471B-658B-421D-A446-5C94EA543CC9}.Debug|Any CPU.Build.0 = Debug|Any CPU
		{6FFB471B-658B-421D-A446-5C94EA543CC9}.Debug|Any CPU.Deploy.0 = Debug|Any CPU
		{6FFB471B-658B-421D-A446-5C94EA543CC9}.Release|Any CPU.ActiveCfg = Release|Any CPU
		{6FFB471B-658B-421D-A446-5C94EA543CC9}.Release|Any CPU.Build.0 = Release|Any CPU
		{6FFB471B-658B-421D-A446-5C94EA543CC9}.Release|Any CPU.Deploy.0 = Release|Any CPU
		{7AC4F29F-0D47-4E62-A0A4-22D32355DAA8}.Debug|Any CPU.ActiveCfg = Debug|Any CPU
		{7AC4F29F-0D47-4E62-A0A4-22D32355DAA8}.Debug|Any CPU.Build.0 = Debug|Any CPU
		{7AC4F29F-0D47-4E62-A0A4-22D32355DAA8}.Release|Any CPU.ActiveCfg = Release|Any CPU
		{7AC4F29F-0D47-4E62-A0A4-22D32355DAA8}.Release|Any CPU.Build.0 = Release|Any CPU
		{9BF556C5-C446-4F51-8EF1-2E488424485B}.Debug|Any CPU.ActiveCfg = Debug|Any CPU
		{9BF556C5-C446-4F51-8EF1-2E488424485B}.Debug|Any CPU.Build.0 = Debug|Any CPU
		{9BF556C5-C446-4F51-8EF1-2E488424485B}.Release|Any CPU.ActiveCfg = Release|Any CPU
		{9BF556C5-C446-4F51-8EF1-2E488424485B}.Release|Any CPU.Build.0 = Release|Any CPU
	EndGlobalSection
	GlobalSection(SolutionProperties) = preSolution
		HideSolutionNode = FALSE
	EndGlobalSection
	GlobalSection(ExtensibilityGlobals) = postSolution
		SolutionGuid = {62741492-0090-41BB-B668-931CB235C717}
	EndGlobalSection
EndGlobal
