
Microsoft Visual Studio Solution File, Format Version 12.00
# Visual Studio Version 16
VisualStudioVersion = 16.0.31129.286
MinimumVisualStudioVersion = 10.0.40219.1
Project("{9A19103F-16F7-4668-BE54-9A1E7A4F7556}") = "MagicGradients.Forms", "src\MagicGradients.Forms\MagicGradients.Forms.csproj", "{17E51D17-392E-476E-8BD4-7606624ACFAE}"
EndProject
Project("{9A19103F-16F7-4668-BE54-9A1E7A4F7556}") = "MagicGradients.Forms.SkiaViews", "src\MagicGradients.Forms.SkiaViews\MagicGradients.Forms.SkiaViews.csproj", "{7A46EA7E-A0D3-4606-89CF-F6140C85CE80}"
EndProject
Project("{9A19103F-16F7-4668-BE54-9A1E7A4F7556}") = "MagicGradients.Forms.Skia", "src\MagicGradients.Forms.Skia\MagicGradients.Forms.Skia.csproj", "{7A007E7D-11CF-4754-84C4-ED78D7B647F4}"
EndProject
Project("{9A19103F-16F7-4668-BE54-9A1E7A4F7556}") = "MagicGradients.Core", "src\MagicGradients.Core\MagicGradients.Core.csproj", "{E10CE69B-172A-4B1F-B4C2-70ABC14A4B8D}"
EndProject
Project("{2150E333-8FDC-42A3-9474-1A3956D46DE8}") = "Forms", "Forms", "{97E744E9-618B-4B28-9FDB-93EB3D9E3F2D}"
EndProject
Project("{9A19103F-16F7-4668-BE54-9A1E7A4F7556}") = "GradientsApp.Forms", "samples\GradientsApp\GradientsApp.Forms\GradientsApp.Forms.csproj", "{574DBFDB-E7F6-4562-9E23-2B855D38D1C6}"
EndProject
Project("{FAE04EC0-301F-11D3-BF4B-00C04F79EFBC}") = "GradientsApp.Forms.Android", "samples\GradientsApp\GradientsApp.Forms.Android\GradientsApp.Forms.Android.csproj", "{E63A82BF-408B-4A2C-BE13-2223E41145F4}"
EndProject
Project("{FAE04EC0-301F-11D3-BF4B-00C04F79EFBC}") = "GradientsApp.Forms.iOS", "samples\GradientsApp\GradientsApp.Forms.iOS\GradientsApp.Forms.iOS.csproj", "{33B6D78C-44B3-4BF3-B1FD-51575AFB6477}"
EndProject
Project("{9A19103F-16F7-4668-BE54-9A1E7A4F7556}") = "Playground.Data", "samples\Playground\Playground.Data\Playground.Data.csproj", "{E35514ED-1043-4DC1-93E3-7C5294994F61}"
EndProject
Project("{9A19103F-16F7-4668-BE54-9A1E7A4F7556}") = "MagicGradients.Native", "src\MagicGradients.Native\MagicGradients.Native.csproj", "{E7F38FC5-5AE6-4F27-BFA8-5871D6761DFD}"
EndProject
Project("{9A19103F-16F7-4668-BE54-9A1E7A4F7556}") = "GradientsApp", "samples\GradientsApp\GradientsApp\GradientsApp.csproj", "{FBD7118B-B91A-4F13-8F3E-8C8CBFB7A724}"
EndProject
Project("{FAE04EC0-301F-11D3-BF4B-00C04F79EFBC}") = "GradientsApp.Android", "samples\GradientsApp\GradientsApp.Android\GradientsApp.Android.csproj", "{8C226E64-68D8-4FF3-A13B-E7D3754605F5}"
EndProject
Project("{FAE04EC0-301F-11D3-BF4B-00C04F79EFBC}") = "GradientsApp.iOS", "samples\GradientsApp\GradientsApp.iOS\GradientsApp.iOS.csproj", "{95FC87D1-0E91-4432-9521-18E55AC60752}"
EndProject
Project("{2150E333-8FDC-42A3-9474-1A3956D46DE8}") = "Native", "Native", "{B73A12B5-F9F1-47F1-B2A6-60371C3B6226}"
EndProject
Project("{2150E333-8FDC-42A3-9474-1A3956D46DE8}") = "Shared", "Shared", "{F65F8728-9E2D-4FE2-93BF-871043C8109A}"
EndProject
Global
	GlobalSection(SolutionConfigurationPlatforms) = preSolution
		Debug|Any CPU = Debug|Any CPU
		Debug|iPhone = Debug|iPhone
		Debug|iPhoneSimulator = Debug|iPhoneSimulator
		Release|Any CPU = Release|Any CPU
		Release|iPhone = Release|iPhone
		Release|iPhoneSimulator = Release|iPhoneSimulator
	EndGlobalSection
	GlobalSection(ProjectConfigurationPlatforms) = postSolution
		{17E51D17-392E-476E-8BD4-7606624ACFAE}.Debug|Any CPU.ActiveCfg = Debug|Any CPU
		{17E51D17-392E-476E-8BD4-7606624ACFAE}.Debug|Any CPU.Build.0 = Debug|Any CPU
		{17E51D17-392E-476E-8BD4-7606624ACFAE}.Debug|iPhone.ActiveCfg = Debug|Any CPU
		{17E51D17-392E-476E-8BD4-7606624ACFAE}.Debug|iPhone.Build.0 = Debug|Any CPU
		{17E51D17-392E-476E-8BD4-7606624ACFAE}.Debug|iPhoneSimulator.ActiveCfg = Debug|Any CPU
		{17E51D17-392E-476E-8BD4-7606624ACFAE}.Debug|iPhoneSimulator.Build.0 = Debug|Any CPU
		{17E51D17-392E-476E-8BD4-7606624ACFAE}.Release|Any CPU.ActiveCfg = Release|Any CPU
		{17E51D17-392E-476E-8BD4-7606624ACFAE}.Release|Any CPU.Build.0 = Release|Any CPU
		{17E51D17-392E-476E-8BD4-7606624ACFAE}.Release|iPhone.ActiveCfg = Release|Any CPU
		{17E51D17-392E-476E-8BD4-7606624ACFAE}.Release|iPhone.Build.0 = Release|Any CPU
		{17E51D17-392E-476E-8BD4-7606624ACFAE}.Release|iPhoneSimulator.ActiveCfg = Release|Any CPU
		{17E51D17-392E-476E-8BD4-7606624ACFAE}.Release|iPhoneSimulator.Build.0 = Release|Any CPU
		{7A46EA7E-A0D3-4606-89CF-F6140C85CE80}.Debug|Any CPU.ActiveCfg = Debug|Any CPU
		{7A46EA7E-A0D3-4606-89CF-F6140C85CE80}.Debug|Any CPU.Build.0 = Debug|Any CPU
		{7A46EA7E-A0D3-4606-89CF-F6140C85CE80}.Debug|iPhone.ActiveCfg = Debug|Any CPU
		{7A46EA7E-A0D3-4606-89CF-F6140C85CE80}.Debug|iPhone.Build.0 = Debug|Any CPU
		{7A46EA7E-A0D3-4606-89CF-F6140C85CE80}.Debug|iPhoneSimulator.ActiveCfg = Debug|Any CPU
		{7A46EA7E-A0D3-4606-89CF-F6140C85CE80}.Debug|iPhoneSimulator.Build.0 = Debug|Any CPU
		{7A46EA7E-A0D3-4606-89CF-F6140C85CE80}.Release|Any CPU.ActiveCfg = Release|Any CPU
		{7A46EA7E-A0D3-4606-89CF-F6140C85CE80}.Release|Any CPU.Build.0 = Release|Any CPU
		{7A46EA7E-A0D3-4606-89CF-F6140C85CE80}.Release|iPhone.ActiveCfg = Release|Any CPU
		{7A46EA7E-A0D3-4606-89CF-F6140C85CE80}.Release|iPhone.Build.0 = Release|Any CPU
		{7A46EA7E-A0D3-4606-89CF-F6140C85CE80}.Release|iPhoneSimulator.ActiveCfg = Release|Any CPU
		{7A46EA7E-A0D3-4606-89CF-F6140C85CE80}.Release|iPhoneSimulator.Build.0 = Release|Any CPU
		{7A007E7D-11CF-4754-84C4-ED78D7B647F4}.Debug|Any CPU.ActiveCfg = Debug|Any CPU
		{7A007E7D-11CF-4754-84C4-ED78D7B647F4}.Debug|Any CPU.Build.0 = Debug|Any CPU
		{7A007E7D-11CF-4754-84C4-ED78D7B647F4}.Debug|iPhone.ActiveCfg = Debug|Any CPU
		{7A007E7D-11CF-4754-84C4-ED78D7B647F4}.Debug|iPhone.Build.0 = Debug|Any CPU
		{7A007E7D-11CF-4754-84C4-ED78D7B647F4}.Debug|iPhoneSimulator.ActiveCfg = Debug|Any CPU
		{7A007E7D-11CF-4754-84C4-ED78D7B647F4}.Debug|iPhoneSimulator.Build.0 = Debug|Any CPU
		{7A007E7D-11CF-4754-84C4-ED78D7B647F4}.Release|Any CPU.ActiveCfg = Release|Any CPU
		{7A007E7D-11CF-4754-84C4-ED78D7B647F4}.Release|Any CPU.Build.0 = Release|Any CPU
		{7A007E7D-11CF-4754-84C4-ED78D7B647F4}.Release|iPhone.ActiveCfg = Release|Any CPU
		{7A007E7D-11CF-4754-84C4-ED78D7B647F4}.Release|iPhone.Build.0 = Release|Any CPU
		{7A007E7D-11CF-4754-84C4-ED78D7B647F4}.Release|iPhoneSimulator.ActiveCfg = Release|Any CPU
		{7A007E7D-11CF-4754-84C4-ED78D7B647F4}.Release|iPhoneSimulator.Build.0 = Release|Any CPU
		{E10CE69B-172A-4B1F-B4C2-70ABC14A4B8D}.Debug|Any CPU.ActiveCfg = Debug|Any CPU
		{E10CE69B-172A-4B1F-B4C2-70ABC14A4B8D}.Debug|Any CPU.Build.0 = Debug|Any CPU
		{E10CE69B-172A-4B1F-B4C2-70ABC14A4B8D}.Debug|iPhone.ActiveCfg = Debug|Any CPU
		{E10CE69B-172A-4B1F-B4C2-70ABC14A4B8D}.Debug|iPhone.Build.0 = Debug|Any CPU
		{E10CE69B-172A-4B1F-B4C2-70ABC14A4B8D}.Debug|iPhoneSimulator.ActiveCfg = Debug|Any CPU
		{E10CE69B-172A-4B1F-B4C2-70ABC14A4B8D}.Debug|iPhoneSimulator.Build.0 = Debug|Any CPU
		{E10CE69B-172A-4B1F-B4C2-70ABC14A4B8D}.Release|Any CPU.ActiveCfg = Release|Any CPU
		{E10CE69B-172A-4B1F-B4C2-70ABC14A4B8D}.Release|Any CPU.Build.0 = Release|Any CPU
		{E10CE69B-172A-4B1F-B4C2-70ABC14A4B8D}.Release|iPhone.ActiveCfg = Release|Any CPU
		{E10CE69B-172A-4B1F-B4C2-70ABC14A4B8D}.Release|iPhone.Build.0 = Release|Any CPU
		{E10CE69B-172A-4B1F-B4C2-70ABC14A4B8D}.Release|iPhoneSimulator.ActiveCfg = Release|Any CPU
		{E10CE69B-172A-4B1F-B4C2-70ABC14A4B8D}.Release|iPhoneSimulator.Build.0 = Release|Any CPU
		{574DBFDB-E7F6-4562-9E23-2B855D38D1C6}.Debug|Any CPU.ActiveCfg = Debug|Any CPU
		{574DBFDB-E7F6-4562-9E23-2B855D38D1C6}.Debug|Any CPU.Build.0 = Debug|Any CPU
		{574DBFDB-E7F6-4562-9E23-2B855D38D1C6}.Debug|iPhone.ActiveCfg = Debug|Any CPU
		{574DBFDB-E7F6-4562-9E23-2B855D38D1C6}.Debug|iPhone.Build.0 = Debug|Any CPU
		{574DBFDB-E7F6-4562-9E23-2B855D38D1C6}.Debug|iPhoneSimulator.ActiveCfg = Debug|Any CPU
		{574DBFDB-E7F6-4562-9E23-2B855D38D1C6}.Debug|iPhoneSimulator.Build.0 = Debug|Any CPU
		{574DBFDB-E7F6-4562-9E23-2B855D38D1C6}.Release|Any CPU.ActiveCfg = Release|Any CPU
		{574DBFDB-E7F6-4562-9E23-2B855D38D1C6}.Release|Any CPU.Build.0 = Release|Any CPU
		{574DBFDB-E7F6-4562-9E23-2B855D38D1C6}.Release|iPhone.ActiveCfg = Release|Any CPU
		{574DBFDB-E7F6-4562-9E23-2B855D38D1C6}.Release|iPhone.Build.0 = Release|Any CPU
		{574DBFDB-E7F6-4562-9E23-2B855D38D1C6}.Release|iPhoneSimulator.ActiveCfg = Release|Any CPU
		{574DBFDB-E7F6-4562-9E23-2B855D38D1C6}.Release|iPhoneSimulator.Build.0 = Release|Any CPU
		{E63A82BF-408B-4A2C-BE13-2223E41145F4}.Debug|Any CPU.ActiveCfg = Debug|Any CPU
		{E63A82BF-408B-4A2C-BE13-2223E41145F4}.Debug|Any CPU.Build.0 = Debug|Any CPU
		{E63A82BF-408B-4A2C-BE13-2223E41145F4}.Debug|Any CPU.Deploy.0 = Debug|Any CPU
		{E63A82BF-408B-4A2C-BE13-2223E41145F4}.Debug|iPhone.ActiveCfg = Debug|Any CPU
		{E63A82BF-408B-4A2C-BE13-2223E41145F4}.Debug|iPhone.Build.0 = Debug|Any CPU
		{E63A82BF-408B-4A2C-BE13-2223E41145F4}.Debug|iPhone.Deploy.0 = Debug|Any CPU
		{E63A82BF-408B-4A2C-BE13-2223E41145F4}.Debug|iPhoneSimulator.ActiveCfg = Debug|Any CPU
		{E63A82BF-408B-4A2C-BE13-2223E41145F4}.Debug|iPhoneSimulator.Build.0 = Debug|Any CPU
		{E63A82BF-408B-4A2C-BE13-2223E41145F4}.Debug|iPhoneSimulator.Deploy.0 = Debug|Any CPU
		{E63A82BF-408B-4A2C-BE13-2223E41145F4}.Release|Any CPU.ActiveCfg = Release|Any CPU
		{E63A82BF-408B-4A2C-BE13-2223E41145F4}.Release|Any CPU.Build.0 = Release|Any CPU
		{E63A82BF-408B-4A2C-BE13-2223E41145F4}.Release|Any CPU.Deploy.0 = Release|Any CPU
		{E63A82BF-408B-4A2C-BE13-2223E41145F4}.Release|iPhone.ActiveCfg = Release|Any CPU
		{E63A82BF-408B-4A2C-BE13-2223E41145F4}.Release|iPhone.Build.0 = Release|Any CPU
		{E63A82BF-408B-4A2C-BE13-2223E41145F4}.Release|iPhone.Deploy.0 = Release|Any CPU
		{E63A82BF-408B-4A2C-BE13-2223E41145F4}.Release|iPhoneSimulator.ActiveCfg = Release|Any CPU
		{E63A82BF-408B-4A2C-BE13-2223E41145F4}.Release|iPhoneSimulator.Build.0 = Release|Any CPU
		{E63A82BF-408B-4A2C-BE13-2223E41145F4}.Release|iPhoneSimulator.Deploy.0 = Release|Any CPU
		{33B6D78C-44B3-4BF3-B1FD-51575AFB6477}.Debug|Any CPU.ActiveCfg = Debug|iPhoneSimulator
		{33B6D78C-44B3-4BF3-B1FD-51575AFB6477}.Debug|iPhone.ActiveCfg = Debug|iPhone
		{33B6D78C-44B3-4BF3-B1FD-51575AFB6477}.Debug|iPhone.Build.0 = Debug|iPhone
		{33B6D78C-44B3-4BF3-B1FD-51575AFB6477}.Debug|iPhoneSimulator.ActiveCfg = Debug|iPhoneSimulator
		{33B6D78C-44B3-4BF3-B1FD-51575AFB6477}.Debug|iPhoneSimulator.Build.0 = Debug|iPhoneSimulator
		{33B6D78C-44B3-4BF3-B1FD-51575AFB6477}.Release|Any CPU.ActiveCfg = Release|iPhoneSimulator
		{33B6D78C-44B3-4BF3-B1FD-51575AFB6477}.Release|iPhone.ActiveCfg = Release|iPhone
		{33B6D78C-44B3-4BF3-B1FD-51575AFB6477}.Release|iPhone.Build.0 = Release|iPhone
		{33B6D78C-44B3-4BF3-B1FD-51575AFB6477}.Release|iPhoneSimulator.ActiveCfg = Release|iPhoneSimulator
		{33B6D78C-44B3-4BF3-B1FD-51575AFB6477}.Release|iPhoneSimulator.Build.0 = Release|iPhoneSimulator
		{E35514ED-1043-4DC1-93E3-7C5294994F61}.Debug|Any CPU.ActiveCfg = Debug|Any CPU
		{E35514ED-1043-4DC1-93E3-7C5294994F61}.Debug|Any CPU.Build.0 = Debug|Any CPU
		{E35514ED-1043-4DC1-93E3-7C5294994F61}.Debug|iPhone.ActiveCfg = Debug|Any CPU
		{E35514ED-1043-4DC1-93E3-7C5294994F61}.Debug|iPhone.Build.0 = Debug|Any CPU
		{E35514ED-1043-4DC1-93E3-7C5294994F61}.Debug|iPhoneSimulator.ActiveCfg = Debug|Any CPU
		{E35514ED-1043-4DC1-93E3-7C5294994F61}.Debug|iPhoneSimulator.Build.0 = Debug|Any CPU
		{E35514ED-1043-4DC1-93E3-7C5294994F61}.Release|Any CPU.ActiveCfg = Release|Any CPU
		{E35514ED-1043-4DC1-93E3-7C5294994F61}.Release|Any CPU.Build.0 = Release|Any CPU
		{E35514ED-1043-4DC1-93E3-7C5294994F61}.Release|iPhone.ActiveCfg = Release|Any CPU
		{E35514ED-1043-4DC1-93E3-7C5294994F61}.Release|iPhone.Build.0 = Release|Any CPU
		{E35514ED-1043-4DC1-93E3-7C5294994F61}.Release|iPhoneSimulator.ActiveCfg = Release|Any CPU
		{E35514ED-1043-4DC1-93E3-7C5294994F61}.Release|iPhoneSimulator.Build.0 = Release|Any CPU
		{E7F38FC5-5AE6-4F27-BFA8-5871D6761DFD}.Debug|Any CPU.ActiveCfg = Debug|Any CPU
		{E7F38FC5-5AE6-4F27-BFA8-5871D6761DFD}.Debug|Any CPU.Build.0 = Debug|Any CPU
		{E7F38FC5-5AE6-4F27-BFA8-5871D6761DFD}.Debug|iPhone.ActiveCfg = Debug|Any CPU
		{E7F38FC5-5AE6-4F27-BFA8-5871D6761DFD}.Debug|iPhone.Build.0 = Debug|Any CPU
		{E7F38FC5-5AE6-4F27-BFA8-5871D6761DFD}.Debug|iPhoneSimulator.ActiveCfg = Debug|Any CPU
		{E7F38FC5-5AE6-4F27-BFA8-5871D6761DFD}.Debug|iPhoneSimulator.Build.0 = Debug|Any CPU
		{E7F38FC5-5AE6-4F27-BFA8-5871D6761DFD}.Release|Any CPU.ActiveCfg = Release|Any CPU
		{E7F38FC5-5AE6-4F27-BFA8-5871D6761DFD}.Release|Any CPU.Build.0 = Release|Any CPU
		{E7F38FC5-5AE6-4F27-BFA8-5871D6761DFD}.Release|iPhone.ActiveCfg = Release|Any CPU
		{E7F38FC5-5AE6-4F27-BFA8-5871D6761DFD}.Release|iPhone.Build.0 = Release|Any CPU
		{E7F38FC5-5AE6-4F27-BFA8-5871D6761DFD}.Release|iPhoneSimulator.ActiveCfg = Release|Any CPU
		{E7F38FC5-5AE6-4F27-BFA8-5871D6761DFD}.Release|iPhoneSimulator.Build.0 = Release|Any CPU
		{FBD7118B-B91A-4F13-8F3E-8C8CBFB7A724}.Debug|Any CPU.ActiveCfg = Debug|Any CPU
		{FBD7118B-B91A-4F13-8F3E-8C8CBFB7A724}.Debug|Any CPU.Build.0 = Debug|Any CPU
		{FBD7118B-B91A-4F13-8F3E-8C8CBFB7A724}.Debug|iPhone.ActiveCfg = Debug|Any CPU
		{FBD7118B-B91A-4F13-8F3E-8C8CBFB7A724}.Debug|iPhone.Build.0 = Debug|Any CPU
		{FBD7118B-B91A-4F13-8F3E-8C8CBFB7A724}.Debug|iPhoneSimulator.ActiveCfg = Debug|Any CPU
		{FBD7118B-B91A-4F13-8F3E-8C8CBFB7A724}.Debug|iPhoneSimulator.Build.0 = Debug|Any CPU
		{FBD7118B-B91A-4F13-8F3E-8C8CBFB7A724}.Release|Any CPU.ActiveCfg = Release|Any CPU
		{FBD7118B-B91A-4F13-8F3E-8C8CBFB7A724}.Release|Any CPU.Build.0 = Release|Any CPU
		{FBD7118B-B91A-4F13-8F3E-8C8CBFB7A724}.Release|iPhone.ActiveCfg = Release|Any CPU
		{FBD7118B-B91A-4F13-8F3E-8C8CBFB7A724}.Release|iPhone.Build.0 = Release|Any CPU
		{FBD7118B-B91A-4F13-8F3E-8C8CBFB7A724}.Release|iPhoneSimulator.ActiveCfg = Release|Any CPU
		{FBD7118B-B91A-4F13-8F3E-8C8CBFB7A724}.Release|iPhoneSimulator.Build.0 = Release|Any CPU
		{8C226E64-68D8-4FF3-A13B-E7D3754605F5}.Debug|Any CPU.ActiveCfg = Debug|Any CPU
		{8C226E64-68D8-4FF3-A13B-E7D3754605F5}.Debug|Any CPU.Build.0 = Debug|Any CPU
		{8C226E64-68D8-4FF3-A13B-E7D3754605F5}.Debug|Any CPU.Deploy.0 = Debug|Any CPU
		{8C226E64-68D8-4FF3-A13B-E7D3754605F5}.Debug|iPhone.ActiveCfg = Debug|Any CPU
		{8C226E64-68D8-4FF3-A13B-E7D3754605F5}.Debug|iPhone.Build.0 = Debug|Any CPU
		{8C226E64-68D8-4FF3-A13B-E7D3754605F5}.Debug|iPhone.Deploy.0 = Debug|Any CPU
		{8C226E64-68D8-4FF3-A13B-E7D3754605F5}.Debug|iPhoneSimulator.ActiveCfg = Debug|Any CPU
		{8C226E64-68D8-4FF3-A13B-E7D3754605F5}.Debug|iPhoneSimulator.Build.0 = Debug|Any CPU
		{8C226E64-68D8-4FF3-A13B-E7D3754605F5}.Debug|iPhoneSimulator.Deploy.0 = Debug|Any CPU
		{8C226E64-68D8-4FF3-A13B-E7D3754605F5}.Release|Any CPU.ActiveCfg = Release|Any CPU
		{8C226E64-68D8-4FF3-A13B-E7D3754605F5}.Release|Any CPU.Build.0 = Release|Any CPU
		{8C226E64-68D8-4FF3-A13B-E7D3754605F5}.Release|Any CPU.Deploy.0 = Release|Any CPU
		{8C226E64-68D8-4FF3-A13B-E7D3754605F5}.Release|iPhone.ActiveCfg = Release|Any CPU
		{8C226E64-68D8-4FF3-A13B-E7D3754605F5}.Release|iPhone.Build.0 = Release|Any CPU
		{8C226E64-68D8-4FF3-A13B-E7D3754605F5}.Release|iPhone.Deploy.0 = Release|Any CPU
		{8C226E64-68D8-4FF3-A13B-E7D3754605F5}.Release|iPhoneSimulator.ActiveCfg = Release|Any CPU
		{8C226E64-68D8-4FF3-A13B-E7D3754605F5}.Release|iPhoneSimulator.Build.0 = Release|Any CPU
		{8C226E64-68D8-4FF3-A13B-E7D3754605F5}.Release|iPhoneSimulator.Deploy.0 = Release|Any CPU
		{95FC87D1-0E91-4432-9521-18E55AC60752}.Debug|Any CPU.ActiveCfg = Debug|iPhoneSimulator
		{95FC87D1-0E91-4432-9521-18E55AC60752}.Debug|iPhone.ActiveCfg = Debug|iPhone
		{95FC87D1-0E91-4432-9521-18E55AC60752}.Debug|iPhone.Build.0 = Debug|iPhone
		{95FC87D1-0E91-4432-9521-18E55AC60752}.Debug|iPhoneSimulator.ActiveCfg = Debug|iPhoneSimulator
		{95FC87D1-0E91-4432-9521-18E55AC60752}.Debug|iPhoneSimulator.Build.0 = Debug|iPhoneSimulator
		{95FC87D1-0E91-4432-9521-18E55AC60752}.Release|Any CPU.ActiveCfg = Release|iPhoneSimulator
		{95FC87D1-0E91-4432-9521-18E55AC60752}.Release|iPhone.ActiveCfg = Release|iPhone
		{95FC87D1-0E91-4432-9521-18E55AC60752}.Release|iPhone.Build.0 = Release|iPhone
		{95FC87D1-0E91-4432-9521-18E55AC60752}.Release|iPhoneSimulator.ActiveCfg = Release|iPhoneSimulator
		{95FC87D1-0E91-4432-9521-18E55AC60752}.Release|iPhoneSimulator.Build.0 = Release|iPhoneSimulator
	EndGlobalSection
	GlobalSection(SolutionProperties) = preSolution
		HideSolutionNode = FALSE
	EndGlobalSection
	GlobalSection(NestedProjects) = preSolution
		{574DBFDB-E7F6-4562-9E23-2B855D38D1C6} = {97E744E9-618B-4B28-9FDB-93EB3D9E3F2D}
		{E63A82BF-408B-4A2C-BE13-2223E41145F4} = {97E744E9-618B-4B28-9FDB-93EB3D9E3F2D}
		{33B6D78C-44B3-4BF3-B1FD-51575AFB6477} = {97E744E9-618B-4B28-9FDB-93EB3D9E3F2D}
		{E35514ED-1043-4DC1-93E3-7C5294994F61} = {F65F8728-9E2D-4FE2-93BF-871043C8109A}
		{FBD7118B-B91A-4F13-8F3E-8C8CBFB7A724} = {F65F8728-9E2D-4FE2-93BF-871043C8109A}
		{8C226E64-68D8-4FF3-A13B-E7D3754605F5} = {B73A12B5-F9F1-47F1-B2A6-60371C3B6226}
		{95FC87D1-0E91-4432-9521-18E55AC60752} = {B73A12B5-F9F1-47F1-B2A6-60371C3B6226}
	EndGlobalSection
	GlobalSection(ExtensibilityGlobals) = postSolution
		SolutionGuid = {DC0D2571-32E8-4D58-95BB-7B1881CCF14D}
	EndGlobalSection
EndGlobal
