
Microsoft Visual Studio Solution File, Format Version 12.00
# Visual Studio Version 16
VisualStudioVersion = 16.0.29215.179
MinimumVisualStudioVersion = 10.0.40219.1
Project("{9A19103F-16F7-4668-BE54-9A1E7A4F7556}") = "MagicGradients", "src\MagicGradients\MagicGradients.csproj", "{ACAF40E8-226E-4F7E-9D21-D317434F37B4}"
EndProject
Project("{9A19103F-16F7-4668-BE54-9A1E7A4F7556}") = "MagicGradients.Tests", "tests\MagicGradients.Tests\MagicGradients.Tests.csproj", "{F0577E80-029B-40E6-8B1F-9B614389D26B}"
EndProject
Project("{FAE04EC0-301F-11D3-BF4B-00C04F79EFBC}") = "Playground.Android", "samples\Playground\Playground.Android\Playground.Android.csproj", "{477F1169-FF99-43ED-9F59-6E9145975C83}"
EndProject
Project("{FAE04EC0-301F-11D3-BF4B-00C04F79EFBC}") = "Playground.iOS", "samples\Playground\Playground.iOS\Playground.iOS.csproj", "{067E1502-3887-46BF-8253-84D4AB45E1B6}"
EndProject
Project("{9A19103F-16F7-4668-BE54-9A1E7A4F7556}") = "Playground", "samples\Playground\Playground\Playground.csproj", "{05EBBB6C-3B45-498C-B95E-0755F9FCA6A0}"
EndProject
Project("{2150E333-8FDC-42A3-9474-1A3956D46DE8}") = "Playground", "Playground", "{5CF47E73-A7FF-44B7-A56B-E63AEE04C52B}"
EndProject
Project("{9A19103F-16F7-4668-BE54-9A1E7A4F7556}") = "MagicGradients.Benchmark", "tests\MagicGradients.Benchmark\MagicGradients.Benchmark.csproj", "{F9D1A84A-F363-4A2A-BAE2-FEE5FC28A5F3}"
EndProject
Project("{9A19103F-16F7-4668-BE54-9A1E7A4F7556}") = "Playground.Data", "samples\Playground\Playground.Data\Playground.Data.csproj", "{B155611E-96F9-41A7-A3E0-47AAEEF2F604}"
EndProject
Project("{9A19103F-16F7-4668-BE54-9A1E7A4F7556}") = "MagicGradients.Toolkit", "src\MagicGradients.Toolkit\MagicGradients.Toolkit.csproj", "{90874480-CA16-43E4-A9E1-01BC04EF2698}"
EndProject
Project("{FAE04EC0-301F-11D3-BF4B-00C04F79EFBC}") = "Playground.UWP", "samples\Playground\Playground.UWP\Playground.UWP.csproj", "{F5D68CA9-7C54-4A38-B860-1AA354FD1056}"
EndProject
Global
	GlobalSection(SolutionConfigurationPlatforms) = preSolution
		Debug|Any CPU = Debug|Any CPU
		Debug|ARM = Debug|ARM
		Debug|ARM64 = Debug|ARM64
		Debug|iPhone = Debug|iPhone
		Debug|iPhoneSimulator = Debug|iPhoneSimulator
		Debug|x64 = Debug|x64
		Debug|x86 = Debug|x86
		Release|Any CPU = Release|Any CPU
		Release|ARM = Release|ARM
		Release|ARM64 = Release|ARM64
		Release|iPhone = Release|iPhone
		Release|iPhoneSimulator = Release|iPhoneSimulator
		Release|x64 = Release|x64
		Release|x86 = Release|x86
	EndGlobalSection
	GlobalSection(ProjectConfigurationPlatforms) = postSolution
		{ACAF40E8-226E-4F7E-9D21-D317434F37B4}.Debug|Any CPU.ActiveCfg = Debug|Any CPU
		{ACAF40E8-226E-4F7E-9D21-D317434F37B4}.Debug|Any CPU.Build.0 = Debug|Any CPU
		{ACAF40E8-226E-4F7E-9D21-D317434F37B4}.Debug|ARM.ActiveCfg = Debug|Any CPU
		{ACAF40E8-226E-4F7E-9D21-D317434F37B4}.Debug|ARM.Build.0 = Debug|Any CPU
		{ACAF40E8-226E-4F7E-9D21-D317434F37B4}.Debug|ARM64.ActiveCfg = Debug|Any CPU
		{ACAF40E8-226E-4F7E-9D21-D317434F37B4}.Debug|ARM64.Build.0 = Debug|Any CPU
		{ACAF40E8-226E-4F7E-9D21-D317434F37B4}.Debug|iPhone.ActiveCfg = Debug|Any CPU
		{ACAF40E8-226E-4F7E-9D21-D317434F37B4}.Debug|iPhone.Build.0 = Debug|Any CPU
		{ACAF40E8-226E-4F7E-9D21-D317434F37B4}.Debug|iPhoneSimulator.ActiveCfg = Debug|Any CPU
		{ACAF40E8-226E-4F7E-9D21-D317434F37B4}.Debug|iPhoneSimulator.Build.0 = Debug|Any CPU
		{ACAF40E8-226E-4F7E-9D21-D317434F37B4}.Debug|x64.ActiveCfg = Debug|Any CPU
		{ACAF40E8-226E-4F7E-9D21-D317434F37B4}.Debug|x64.Build.0 = Debug|Any CPU
		{ACAF40E8-226E-4F7E-9D21-D317434F37B4}.Debug|x86.ActiveCfg = Debug|Any CPU
		{ACAF40E8-226E-4F7E-9D21-D317434F37B4}.Debug|x86.Build.0 = Debug|Any CPU
		{ACAF40E8-226E-4F7E-9D21-D317434F37B4}.Release|Any CPU.ActiveCfg = Release|Any CPU
		{ACAF40E8-226E-4F7E-9D21-D317434F37B4}.Release|Any CPU.Build.0 = Release|Any CPU
		{ACAF40E8-226E-4F7E-9D21-D317434F37B4}.Release|ARM.ActiveCfg = Release|Any CPU
		{ACAF40E8-226E-4F7E-9D21-D317434F37B4}.Release|ARM.Build.0 = Release|Any CPU
		{ACAF40E8-226E-4F7E-9D21-D317434F37B4}.Release|ARM64.ActiveCfg = Release|Any CPU
		{ACAF40E8-226E-4F7E-9D21-D317434F37B4}.Release|ARM64.Build.0 = Release|Any CPU
		{ACAF40E8-226E-4F7E-9D21-D317434F37B4}.Release|iPhone.ActiveCfg = Release|Any CPU
		{ACAF40E8-226E-4F7E-9D21-D317434F37B4}.Release|iPhone.Build.0 = Release|Any CPU
		{ACAF40E8-226E-4F7E-9D21-D317434F37B4}.Release|iPhoneSimulator.ActiveCfg = Release|Any CPU
		{ACAF40E8-226E-4F7E-9D21-D317434F37B4}.Release|iPhoneSimulator.Build.0 = Release|Any CPU
		{ACAF40E8-226E-4F7E-9D21-D317434F37B4}.Release|x64.ActiveCfg = Release|Any CPU
		{ACAF40E8-226E-4F7E-9D21-D317434F37B4}.Release|x64.Build.0 = Release|Any CPU
		{ACAF40E8-226E-4F7E-9D21-D317434F37B4}.Release|x86.ActiveCfg = Release|Any CPU
		{ACAF40E8-226E-4F7E-9D21-D317434F37B4}.Release|x86.Build.0 = Release|Any CPU
		{F0577E80-029B-40E6-8B1F-9B614389D26B}.Debug|Any CPU.ActiveCfg = Debug|Any CPU
		{F0577E80-029B-40E6-8B1F-9B614389D26B}.Debug|Any CPU.Build.0 = Debug|Any CPU
		{F0577E80-029B-40E6-8B1F-9B614389D26B}.Debug|ARM.ActiveCfg = Debug|Any CPU
		{F0577E80-029B-40E6-8B1F-9B614389D26B}.Debug|ARM.Build.0 = Debug|Any CPU
		{F0577E80-029B-40E6-8B1F-9B614389D26B}.Debug|ARM64.ActiveCfg = Debug|Any CPU
		{F0577E80-029B-40E6-8B1F-9B614389D26B}.Debug|ARM64.Build.0 = Debug|Any CPU
		{F0577E80-029B-40E6-8B1F-9B614389D26B}.Debug|iPhone.ActiveCfg = Debug|Any CPU
		{F0577E80-029B-40E6-8B1F-9B614389D26B}.Debug|iPhone.Build.0 = Debug|Any CPU
		{F0577E80-029B-40E6-8B1F-9B614389D26B}.Debug|iPhoneSimulator.ActiveCfg = Debug|Any CPU
		{F0577E80-029B-40E6-8B1F-9B614389D26B}.Debug|iPhoneSimulator.Build.0 = Debug|Any CPU
		{F0577E80-029B-40E6-8B1F-9B614389D26B}.Debug|x64.ActiveCfg = Debug|Any CPU
		{F0577E80-029B-40E6-8B1F-9B614389D26B}.Debug|x64.Build.0 = Debug|Any CPU
		{F0577E80-029B-40E6-8B1F-9B614389D26B}.Debug|x86.ActiveCfg = Debug|Any CPU
		{F0577E80-029B-40E6-8B1F-9B614389D26B}.Debug|x86.Build.0 = Debug|Any CPU
		{F0577E80-029B-40E6-8B1F-9B614389D26B}.Release|Any CPU.ActiveCfg = Release|Any CPU
		{F0577E80-029B-40E6-8B1F-9B614389D26B}.Release|Any CPU.Build.0 = Release|Any CPU
		{F0577E80-029B-40E6-8B1F-9B614389D26B}.Release|ARM.ActiveCfg = Release|Any CPU
		{F0577E80-029B-40E6-8B1F-9B614389D26B}.Release|ARM.Build.0 = Release|Any CPU
		{F0577E80-029B-40E6-8B1F-9B614389D26B}.Release|ARM64.ActiveCfg = Release|Any CPU
		{F0577E80-029B-40E6-8B1F-9B614389D26B}.Release|ARM64.Build.0 = Release|Any CPU
		{F0577E80-029B-40E6-8B1F-9B614389D26B}.Release|iPhone.ActiveCfg = Release|Any CPU
		{F0577E80-029B-40E6-8B1F-9B614389D26B}.Release|iPhone.Build.0 = Release|Any CPU
		{F0577E80-029B-40E6-8B1F-9B614389D26B}.Release|iPhoneSimulator.ActiveCfg = Release|Any CPU
		{F0577E80-029B-40E6-8B1F-9B614389D26B}.Release|iPhoneSimulator.Build.0 = Release|Any CPU
		{F0577E80-029B-40E6-8B1F-9B614389D26B}.Release|x64.ActiveCfg = Release|Any CPU
		{F0577E80-029B-40E6-8B1F-9B614389D26B}.Release|x64.Build.0 = Release|Any CPU
		{F0577E80-029B-40E6-8B1F-9B614389D26B}.Release|x86.ActiveCfg = Release|Any CPU
		{F0577E80-029B-40E6-8B1F-9B614389D26B}.Release|x86.Build.0 = Release|Any CPU
		{477F1169-FF99-43ED-9F59-6E9145975C83}.Debug|Any CPU.ActiveCfg = Debug|Any CPU
		{477F1169-FF99-43ED-9F59-6E9145975C83}.Debug|Any CPU.Build.0 = Debug|Any CPU
		{477F1169-FF99-43ED-9F59-6E9145975C83}.Debug|Any CPU.Deploy.0 = Debug|Any CPU
		{477F1169-FF99-43ED-9F59-6E9145975C83}.Debug|ARM.ActiveCfg = Debug|Any CPU
		{477F1169-FF99-43ED-9F59-6E9145975C83}.Debug|ARM.Build.0 = Debug|Any CPU
		{477F1169-FF99-43ED-9F59-6E9145975C83}.Debug|ARM.Deploy.0 = Debug|Any CPU
		{477F1169-FF99-43ED-9F59-6E9145975C83}.Debug|ARM64.ActiveCfg = Debug|Any CPU
		{477F1169-FF99-43ED-9F59-6E9145975C83}.Debug|ARM64.Build.0 = Debug|Any CPU
		{477F1169-FF99-43ED-9F59-6E9145975C83}.Debug|ARM64.Deploy.0 = Debug|Any CPU
		{477F1169-FF99-43ED-9F59-6E9145975C83}.Debug|iPhone.ActiveCfg = Debug|Any CPU
		{477F1169-FF99-43ED-9F59-6E9145975C83}.Debug|iPhone.Build.0 = Debug|Any CPU
		{477F1169-FF99-43ED-9F59-6E9145975C83}.Debug|iPhone.Deploy.0 = Debug|Any CPU
		{477F1169-FF99-43ED-9F59-6E9145975C83}.Debug|iPhoneSimulator.ActiveCfg = Debug|Any CPU
		{477F1169-FF99-43ED-9F59-6E9145975C83}.Debug|iPhoneSimulator.Build.0 = Debug|Any CPU
		{477F1169-FF99-43ED-9F59-6E9145975C83}.Debug|iPhoneSimulator.Deploy.0 = Debug|Any CPU
		{477F1169-FF99-43ED-9F59-6E9145975C83}.Debug|x64.ActiveCfg = Debug|Any CPU
		{477F1169-FF99-43ED-9F59-6E9145975C83}.Debug|x64.Build.0 = Debug|Any CPU
		{477F1169-FF99-43ED-9F59-6E9145975C83}.Debug|x64.Deploy.0 = Debug|Any CPU
		{477F1169-FF99-43ED-9F59-6E9145975C83}.Debug|x86.ActiveCfg = Debug|Any CPU
		{477F1169-FF99-43ED-9F59-6E9145975C83}.Debug|x86.Build.0 = Debug|Any CPU
		{477F1169-FF99-43ED-9F59-6E9145975C83}.Debug|x86.Deploy.0 = Debug|Any CPU
		{477F1169-FF99-43ED-9F59-6E9145975C83}.Release|Any CPU.ActiveCfg = Release|Any CPU
		{477F1169-FF99-43ED-9F59-6E9145975C83}.Release|Any CPU.Build.0 = Release|Any CPU
		{477F1169-FF99-43ED-9F59-6E9145975C83}.Release|Any CPU.Deploy.0 = Release|Any CPU
		{477F1169-FF99-43ED-9F59-6E9145975C83}.Release|ARM.ActiveCfg = Release|Any CPU
		{477F1169-FF99-43ED-9F59-6E9145975C83}.Release|ARM.Build.0 = Release|Any CPU
		{477F1169-FF99-43ED-9F59-6E9145975C83}.Release|ARM.Deploy.0 = Release|Any CPU
		{477F1169-FF99-43ED-9F59-6E9145975C83}.Release|ARM64.ActiveCfg = Release|Any CPU
		{477F1169-FF99-43ED-9F59-6E9145975C83}.Release|ARM64.Build.0 = Release|Any CPU
		{477F1169-FF99-43ED-9F59-6E9145975C83}.Release|ARM64.Deploy.0 = Release|Any CPU
		{477F1169-FF99-43ED-9F59-6E9145975C83}.Release|iPhone.ActiveCfg = Release|Any CPU
		{477F1169-FF99-43ED-9F59-6E9145975C83}.Release|iPhone.Build.0 = Release|Any CPU
		{477F1169-FF99-43ED-9F59-6E9145975C83}.Release|iPhone.Deploy.0 = Release|Any CPU
		{477F1169-FF99-43ED-9F59-6E9145975C83}.Release|iPhoneSimulator.ActiveCfg = Release|Any CPU
		{477F1169-FF99-43ED-9F59-6E9145975C83}.Release|iPhoneSimulator.Build.0 = Release|Any CPU
		{477F1169-FF99-43ED-9F59-6E9145975C83}.Release|iPhoneSimulator.Deploy.0 = Release|Any CPU
		{477F1169-FF99-43ED-9F59-6E9145975C83}.Release|x64.ActiveCfg = Release|Any CPU
		{477F1169-FF99-43ED-9F59-6E9145975C83}.Release|x64.Build.0 = Release|Any CPU
		{477F1169-FF99-43ED-9F59-6E9145975C83}.Release|x64.Deploy.0 = Release|Any CPU
		{477F1169-FF99-43ED-9F59-6E9145975C83}.Release|x86.ActiveCfg = Release|Any CPU
		{477F1169-FF99-43ED-9F59-6E9145975C83}.Release|x86.Build.0 = Release|Any CPU
		{477F1169-FF99-43ED-9F59-6E9145975C83}.Release|x86.Deploy.0 = Release|Any CPU
		{067E1502-3887-46BF-8253-84D4AB45E1B6}.Debug|Any CPU.ActiveCfg = Debug|iPhoneSimulator
		{067E1502-3887-46BF-8253-84D4AB45E1B6}.Debug|Any CPU.Build.0 = Debug|iPhoneSimulator
		{067E1502-3887-46BF-8253-84D4AB45E1B6}.Debug|Any CPU.Deploy.0 = Debug|iPhoneSimulator
		{067E1502-3887-46BF-8253-84D4AB45E1B6}.Debug|ARM.ActiveCfg = Debug|iPhone
		{067E1502-3887-46BF-8253-84D4AB45E1B6}.Debug|ARM64.ActiveCfg = Debug|iPhone
		{067E1502-3887-46BF-8253-84D4AB45E1B6}.Debug|iPhone.ActiveCfg = Debug|iPhone
		{067E1502-3887-46BF-8253-84D4AB45E1B6}.Debug|iPhone.Build.0 = Debug|iPhone
		{067E1502-3887-46BF-8253-84D4AB45E1B6}.Debug|iPhoneSimulator.ActiveCfg = Debug|iPhoneSimulator
		{067E1502-3887-46BF-8253-84D4AB45E1B6}.Debug|iPhoneSimulator.Build.0 = Debug|iPhoneSimulator
		{067E1502-3887-46BF-8253-84D4AB45E1B6}.Debug|x64.ActiveCfg = Debug|iPhone
		{067E1502-3887-46BF-8253-84D4AB45E1B6}.Debug|x86.ActiveCfg = Debug|iPhone
		{067E1502-3887-46BF-8253-84D4AB45E1B6}.Release|Any CPU.ActiveCfg = Release|iPhone
		{067E1502-3887-46BF-8253-84D4AB45E1B6}.Release|ARM.ActiveCfg = Release|iPhoneSimulator
		{067E1502-3887-46BF-8253-84D4AB45E1B6}.Release|ARM64.ActiveCfg = Release|iPhoneSimulator
		{067E1502-3887-46BF-8253-84D4AB45E1B6}.Release|iPhone.ActiveCfg = Release|iPhone
		{067E1502-3887-46BF-8253-84D4AB45E1B6}.Release|iPhone.Build.0 = Release|iPhone
		{067E1502-3887-46BF-8253-84D4AB45E1B6}.Release|iPhoneSimulator.ActiveCfg = Release|iPhoneSimulator
		{067E1502-3887-46BF-8253-84D4AB45E1B6}.Release|iPhoneSimulator.Build.0 = Release|iPhoneSimulator
		{067E1502-3887-46BF-8253-84D4AB45E1B6}.Release|x64.ActiveCfg = Release|iPhoneSimulator
		{067E1502-3887-46BF-8253-84D4AB45E1B6}.Release|x86.ActiveCfg = Release|iPhoneSimulator
		{05EBBB6C-3B45-498C-B95E-0755F9FCA6A0}.Debug|Any CPU.ActiveCfg = Debug|Any CPU
		{05EBBB6C-3B45-498C-B95E-0755F9FCA6A0}.Debug|Any CPU.Build.0 = Debug|Any CPU
		{05EBBB6C-3B45-498C-B95E-0755F9FCA6A0}.Debug|ARM.ActiveCfg = Debug|Any CPU
		{05EBBB6C-3B45-498C-B95E-0755F9FCA6A0}.Debug|ARM.Build.0 = Debug|Any CPU
		{05EBBB6C-3B45-498C-B95E-0755F9FCA6A0}.Debug|ARM64.ActiveCfg = Debug|Any CPU
		{05EBBB6C-3B45-498C-B95E-0755F9FCA6A0}.Debug|ARM64.Build.0 = Debug|Any CPU
		{05EBBB6C-3B45-498C-B95E-0755F9FCA6A0}.Debug|iPhone.ActiveCfg = Debug|Any CPU
		{05EBBB6C-3B45-498C-B95E-0755F9FCA6A0}.Debug|iPhone.Build.0 = Debug|Any CPU
		{05EBBB6C-3B45-498C-B95E-0755F9FCA6A0}.Debug|iPhoneSimulator.ActiveCfg = Debug|Any CPU
		{05EBBB6C-3B45-498C-B95E-0755F9FCA6A0}.Debug|iPhoneSimulator.Build.0 = Debug|Any CPU
		{05EBBB6C-3B45-498C-B95E-0755F9FCA6A0}.Debug|x64.ActiveCfg = Debug|Any CPU
		{05EBBB6C-3B45-498C-B95E-0755F9FCA6A0}.Debug|x64.Build.0 = Debug|Any CPU
		{05EBBB6C-3B45-498C-B95E-0755F9FCA6A0}.Debug|x86.ActiveCfg = Debug|Any CPU
		{05EBBB6C-3B45-498C-B95E-0755F9FCA6A0}.Debug|x86.Build.0 = Debug|Any CPU
		{05EBBB6C-3B45-498C-B95E-0755F9FCA6A0}.Release|Any CPU.ActiveCfg = Release|Any CPU
		{05EBBB6C-3B45-498C-B95E-0755F9FCA6A0}.Release|Any CPU.Build.0 = Release|Any CPU
		{05EBBB6C-3B45-498C-B95E-0755F9FCA6A0}.Release|ARM.ActiveCfg = Release|Any CPU
		{05EBBB6C-3B45-498C-B95E-0755F9FCA6A0}.Release|ARM.Build.0 = Release|Any CPU
		{05EBBB6C-3B45-498C-B95E-0755F9FCA6A0}.Release|ARM64.ActiveCfg = Release|Any CPU
		{05EBBB6C-3B45-498C-B95E-0755F9FCA6A0}.Release|ARM64.Build.0 = Release|Any CPU
		{05EBBB6C-3B45-498C-B95E-0755F9FCA6A0}.Release|iPhone.ActiveCfg = Release|Any CPU
		{05EBBB6C-3B45-498C-B95E-0755F9FCA6A0}.Release|iPhone.Build.0 = Release|Any CPU
		{05EBBB6C-3B45-498C-B95E-0755F9FCA6A0}.Release|iPhoneSimulator.ActiveCfg = Release|Any CPU
		{05EBBB6C-3B45-498C-B95E-0755F9FCA6A0}.Release|iPhoneSimulator.Build.0 = Release|Any CPU
		{05EBBB6C-3B45-498C-B95E-0755F9FCA6A0}.Release|x64.ActiveCfg = Release|Any CPU
		{05EBBB6C-3B45-498C-B95E-0755F9FCA6A0}.Release|x64.Build.0 = Release|Any CPU
		{05EBBB6C-3B45-498C-B95E-0755F9FCA6A0}.Release|x86.ActiveCfg = Release|Any CPU
		{05EBBB6C-3B45-498C-B95E-0755F9FCA6A0}.Release|x86.Build.0 = Release|Any CPU
		{F9D1A84A-F363-4A2A-BAE2-FEE5FC28A5F3}.Debug|Any CPU.ActiveCfg = Debug|Any CPU
		{F9D1A84A-F363-4A2A-BAE2-FEE5FC28A5F3}.Debug|Any CPU.Build.0 = Debug|Any CPU
		{F9D1A84A-F363-4A2A-BAE2-FEE5FC28A5F3}.Debug|ARM.ActiveCfg = Debug|Any CPU
		{F9D1A84A-F363-4A2A-BAE2-FEE5FC28A5F3}.Debug|ARM.Build.0 = Debug|Any CPU
		{F9D1A84A-F363-4A2A-BAE2-FEE5FC28A5F3}.Debug|ARM64.ActiveCfg = Debug|Any CPU
		{F9D1A84A-F363-4A2A-BAE2-FEE5FC28A5F3}.Debug|ARM64.Build.0 = Debug|Any CPU
		{F9D1A84A-F363-4A2A-BAE2-FEE5FC28A5F3}.Debug|iPhone.ActiveCfg = Debug|Any CPU
		{F9D1A84A-F363-4A2A-BAE2-FEE5FC28A5F3}.Debug|iPhone.Build.0 = Debug|Any CPU
		{F9D1A84A-F363-4A2A-BAE2-FEE5FC28A5F3}.Debug|iPhoneSimulator.ActiveCfg = Debug|Any CPU
		{F9D1A84A-F363-4A2A-BAE2-FEE5FC28A5F3}.Debug|iPhoneSimulator.Build.0 = Debug|Any CPU
		{F9D1A84A-F363-4A2A-BAE2-FEE5FC28A5F3}.Debug|x64.ActiveCfg = Debug|Any CPU
		{F9D1A84A-F363-4A2A-BAE2-FEE5FC28A5F3}.Debug|x64.Build.0 = Debug|Any CPU
		{F9D1A84A-F363-4A2A-BAE2-FEE5FC28A5F3}.Debug|x86.ActiveCfg = Debug|Any CPU
		{F9D1A84A-F363-4A2A-BAE2-FEE5FC28A5F3}.Debug|x86.Build.0 = Debug|Any CPU
		{F9D1A84A-F363-4A2A-BAE2-FEE5FC28A5F3}.Release|Any CPU.ActiveCfg = Release|Any CPU
		{F9D1A84A-F363-4A2A-BAE2-FEE5FC28A5F3}.Release|Any CPU.Build.0 = Release|Any CPU
		{F9D1A84A-F363-4A2A-BAE2-FEE5FC28A5F3}.Release|ARM.ActiveCfg = Release|Any CPU
		{F9D1A84A-F363-4A2A-BAE2-FEE5FC28A5F3}.Release|ARM.Build.0 = Release|Any CPU
		{F9D1A84A-F363-4A2A-BAE2-FEE5FC28A5F3}.Release|ARM64.ActiveCfg = Release|Any CPU
		{F9D1A84A-F363-4A2A-BAE2-FEE5FC28A5F3}.Release|ARM64.Build.0 = Release|Any CPU
		{F9D1A84A-F363-4A2A-BAE2-FEE5FC28A5F3}.Release|iPhone.ActiveCfg = Release|Any CPU
		{F9D1A84A-F363-4A2A-BAE2-FEE5FC28A5F3}.Release|iPhone.Build.0 = Release|Any CPU
		{F9D1A84A-F363-4A2A-BAE2-FEE5FC28A5F3}.Release|iPhoneSimulator.ActiveCfg = Release|Any CPU
		{F9D1A84A-F363-4A2A-BAE2-FEE5FC28A5F3}.Release|iPhoneSimulator.Build.0 = Release|Any CPU
		{F9D1A84A-F363-4A2A-BAE2-FEE5FC28A5F3}.Release|x64.ActiveCfg = Release|Any CPU
		{F9D1A84A-F363-4A2A-BAE2-FEE5FC28A5F3}.Release|x64.Build.0 = Release|Any CPU
		{F9D1A84A-F363-4A2A-BAE2-FEE5FC28A5F3}.Release|x86.ActiveCfg = Release|Any CPU
		{F9D1A84A-F363-4A2A-BAE2-FEE5FC28A5F3}.Release|x86.Build.0 = Release|Any CPU
		{B155611E-96F9-41A7-A3E0-47AAEEF2F604}.Debug|Any CPU.ActiveCfg = Debug|Any CPU
		{B155611E-96F9-41A7-A3E0-47AAEEF2F604}.Debug|Any CPU.Build.0 = Debug|Any CPU
		{B155611E-96F9-41A7-A3E0-47AAEEF2F604}.Debug|ARM.ActiveCfg = Debug|Any CPU
		{B155611E-96F9-41A7-A3E0-47AAEEF2F604}.Debug|ARM.Build.0 = Debug|Any CPU
		{B155611E-96F9-41A7-A3E0-47AAEEF2F604}.Debug|ARM64.ActiveCfg = Debug|Any CPU
		{B155611E-96F9-41A7-A3E0-47AAEEF2F604}.Debug|ARM64.Build.0 = Debug|Any CPU
		{B155611E-96F9-41A7-A3E0-47AAEEF2F604}.Debug|iPhone.ActiveCfg = Debug|Any CPU
		{B155611E-96F9-41A7-A3E0-47AAEEF2F604}.Debug|iPhone.Build.0 = Debug|Any CPU
		{B155611E-96F9-41A7-A3E0-47AAEEF2F604}.Debug|iPhoneSimulator.ActiveCfg = Debug|Any CPU
		{B155611E-96F9-41A7-A3E0-47AAEEF2F604}.Debug|iPhoneSimulator.Build.0 = Debug|Any CPU
		{B155611E-96F9-41A7-A3E0-47AAEEF2F604}.Debug|x64.ActiveCfg = Debug|Any CPU
		{B155611E-96F9-41A7-A3E0-47AAEEF2F604}.Debug|x64.Build.0 = Debug|Any CPU
		{B155611E-96F9-41A7-A3E0-47AAEEF2F604}.Debug|x86.ActiveCfg = Debug|Any CPU
		{B155611E-96F9-41A7-A3E0-47AAEEF2F604}.Debug|x86.Build.0 = Debug|Any CPU
		{B155611E-96F9-41A7-A3E0-47AAEEF2F604}.Release|Any CPU.ActiveCfg = Release|Any CPU
		{B155611E-96F9-41A7-A3E0-47AAEEF2F604}.Release|Any CPU.Build.0 = Release|Any CPU
		{B155611E-96F9-41A7-A3E0-47AAEEF2F604}.Release|ARM.ActiveCfg = Release|Any CPU
		{B155611E-96F9-41A7-A3E0-47AAEEF2F604}.Release|ARM.Build.0 = Release|Any CPU
		{B155611E-96F9-41A7-A3E0-47AAEEF2F604}.Release|ARM64.ActiveCfg = Release|Any CPU
		{B155611E-96F9-41A7-A3E0-47AAEEF2F604}.Release|ARM64.Build.0 = Release|Any CPU
		{B155611E-96F9-41A7-A3E0-47AAEEF2F604}.Release|iPhone.ActiveCfg = Release|Any CPU
		{B155611E-96F9-41A7-A3E0-47AAEEF2F604}.Release|iPhone.Build.0 = Release|Any CPU
		{B155611E-96F9-41A7-A3E0-47AAEEF2F604}.Release|iPhoneSimulator.ActiveCfg = Release|Any CPU
		{B155611E-96F9-41A7-A3E0-47AAEEF2F604}.Release|iPhoneSimulator.Build.0 = Release|Any CPU
		{B155611E-96F9-41A7-A3E0-47AAEEF2F604}.Release|x64.ActiveCfg = Release|Any CPU
		{B155611E-96F9-41A7-A3E0-47AAEEF2F604}.Release|x64.Build.0 = Release|Any CPU
		{B155611E-96F9-41A7-A3E0-47AAEEF2F604}.Release|x86.ActiveCfg = Release|Any CPU
		{B155611E-96F9-41A7-A3E0-47AAEEF2F604}.Release|x86.Build.0 = Release|Any CPU
		{90874480-CA16-43E4-A9E1-01BC04EF2698}.Debug|Any CPU.ActiveCfg = Debug|Any CPU
		{90874480-CA16-43E4-A9E1-01BC04EF2698}.Debug|Any CPU.Build.0 = Debug|Any CPU
		{90874480-CA16-43E4-A9E1-01BC04EF2698}.Debug|ARM.ActiveCfg = Debug|Any CPU
		{90874480-CA16-43E4-A9E1-01BC04EF2698}.Debug|ARM.Build.0 = Debug|Any CPU
		{90874480-CA16-43E4-A9E1-01BC04EF2698}.Debug|ARM64.ActiveCfg = Debug|Any CPU
		{90874480-CA16-43E4-A9E1-01BC04EF2698}.Debug|ARM64.Build.0 = Debug|Any CPU
		{90874480-CA16-43E4-A9E1-01BC04EF2698}.Debug|iPhone.ActiveCfg = Debug|Any CPU
		{90874480-CA16-43E4-A9E1-01BC04EF2698}.Debug|iPhone.Build.0 = Debug|Any CPU
		{90874480-CA16-43E4-A9E1-01BC04EF2698}.Debug|iPhoneSimulator.ActiveCfg = Debug|Any CPU
		{90874480-CA16-43E4-A9E1-01BC04EF2698}.Debug|iPhoneSimulator.Build.0 = Debug|Any CPU
		{90874480-CA16-43E4-A9E1-01BC04EF2698}.Debug|x64.ActiveCfg = Debug|Any CPU
		{90874480-CA16-43E4-A9E1-01BC04EF2698}.Debug|x64.Build.0 = Debug|Any CPU
		{90874480-CA16-43E4-A9E1-01BC04EF2698}.Debug|x86.ActiveCfg = Debug|Any CPU
		{90874480-CA16-43E4-A9E1-01BC04EF2698}.Debug|x86.Build.0 = Debug|Any CPU
		{90874480-CA16-43E4-A9E1-01BC04EF2698}.Release|Any CPU.ActiveCfg = Release|Any CPU
		{90874480-CA16-43E4-A9E1-01BC04EF2698}.Release|Any CPU.Build.0 = Release|Any CPU
		{90874480-CA16-43E4-A9E1-01BC04EF2698}.Release|ARM.ActiveCfg = Release|Any CPU
		{90874480-CA16-43E4-A9E1-01BC04EF2698}.Release|ARM.Build.0 = Release|Any CPU
		{90874480-CA16-43E4-A9E1-01BC04EF2698}.Release|ARM64.ActiveCfg = Release|Any CPU
		{90874480-CA16-43E4-A9E1-01BC04EF2698}.Release|ARM64.Build.0 = Release|Any CPU
		{90874480-CA16-43E4-A9E1-01BC04EF2698}.Release|iPhone.ActiveCfg = Release|Any CPU
		{90874480-CA16-43E4-A9E1-01BC04EF2698}.Release|iPhone.Build.0 = Release|Any CPU
		{90874480-CA16-43E4-A9E1-01BC04EF2698}.Release|iPhoneSimulator.ActiveCfg = Release|Any CPU
		{90874480-CA16-43E4-A9E1-01BC04EF2698}.Release|iPhoneSimulator.Build.0 = Release|Any CPU
		{90874480-CA16-43E4-A9E1-01BC04EF2698}.Release|x64.ActiveCfg = Release|Any CPU
		{90874480-CA16-43E4-A9E1-01BC04EF2698}.Release|x64.Build.0 = Release|Any CPU
		{90874480-CA16-43E4-A9E1-01BC04EF2698}.Release|x86.ActiveCfg = Release|Any CPU
		{90874480-CA16-43E4-A9E1-01BC04EF2698}.Release|x86.Build.0 = Release|Any CPU
		{F5D68CA9-7C54-4A38-B860-1AA354FD1056}.Debug|Any CPU.ActiveCfg = Debug|x86
		{F5D68CA9-7C54-4A38-B860-1AA354FD1056}.Debug|Any CPU.Build.0 = Debug|x86
		{F5D68CA9-7C54-4A38-B860-1AA354FD1056}.Debug|Any CPU.Deploy.0 = Debug|x86
		{F5D68CA9-7C54-4A38-B860-1AA354FD1056}.Debug|ARM.ActiveCfg = Debug|ARM
		{F5D68CA9-7C54-4A38-B860-1AA354FD1056}.Debug|ARM.Build.0 = Debug|ARM
		{F5D68CA9-7C54-4A38-B860-1AA354FD1056}.Debug|ARM.Deploy.0 = Debug|ARM
		{F5D68CA9-7C54-4A38-B860-1AA354FD1056}.Debug|ARM64.ActiveCfg = Debug|ARM64
		{F5D68CA9-7C54-4A38-B860-1AA354FD1056}.Debug|ARM64.Build.0 = Debug|ARM64
		{F5D68CA9-7C54-4A38-B860-1AA354FD1056}.Debug|ARM64.Deploy.0 = Debug|ARM64
		{F5D68CA9-7C54-4A38-B860-1AA354FD1056}.Debug|iPhone.ActiveCfg = Debug|x86
		{F5D68CA9-7C54-4A38-B860-1AA354FD1056}.Debug|iPhoneSimulator.ActiveCfg = Debug|x86
		{F5D68CA9-7C54-4A38-B860-1AA354FD1056}.Debug|x64.ActiveCfg = Debug|x64
		{F5D68CA9-7C54-4A38-B860-1AA354FD1056}.Debug|x64.Build.0 = Debug|x64
		{F5D68CA9-7C54-4A38-B860-1AA354FD1056}.Debug|x64.Deploy.0 = Debug|x64
		{F5D68CA9-7C54-4A38-B860-1AA354FD1056}.Debug|x86.ActiveCfg = Debug|x86
		{F5D68CA9-7C54-4A38-B860-1AA354FD1056}.Debug|x86.Build.0 = Debug|x86
		{F5D68CA9-7C54-4A38-B860-1AA354FD1056}.Debug|x86.Deploy.0 = Debug|x86
		{F5D68CA9-7C54-4A38-B860-1AA354FD1056}.Release|Any CPU.ActiveCfg = Release|x86
		{F5D68CA9-7C54-4A38-B860-1AA354FD1056}.Release|ARM.ActiveCfg = Release|ARM
		{F5D68CA9-7C54-4A38-B860-1AA354FD1056}.Release|ARM.Build.0 = Release|ARM
		{F5D68CA9-7C54-4A38-B860-1AA354FD1056}.Release|ARM.Deploy.0 = Release|ARM
		{F5D68CA9-7C54-4A38-B860-1AA354FD1056}.Release|ARM64.ActiveCfg = Release|ARM64
		{F5D68CA9-7C54-4A38-B860-1AA354FD1056}.Release|ARM64.Build.0 = Release|ARM64
		{F5D68CA9-7C54-4A38-B860-1AA354FD1056}.Release|ARM64.Deploy.0 = Release|ARM64
		{F5D68CA9-7C54-4A38-B860-1AA354FD1056}.Release|iPhone.ActiveCfg = Release|x86
		{F5D68CA9-7C54-4A38-B860-1AA354FD1056}.Release|iPhoneSimulator.ActiveCfg = Release|x86
		{F5D68CA9-7C54-4A38-B860-1AA354FD1056}.Release|x64.ActiveCfg = Release|x64
		{F5D68CA9-7C54-4A38-B860-1AA354FD1056}.Release|x64.Build.0 = Release|x64
		{F5D68CA9-7C54-4A38-B860-1AA354FD1056}.Release|x64.Deploy.0 = Release|x64
		{F5D68CA9-7C54-4A38-B860-1AA354FD1056}.Release|x86.ActiveCfg = Release|x86
		{F5D68CA9-7C54-4A38-B860-1AA354FD1056}.Release|x86.Build.0 = Release|x86
		{F5D68CA9-7C54-4A38-B860-1AA354FD1056}.Release|x86.Deploy.0 = Release|x86
	EndGlobalSection
	GlobalSection(SolutionProperties) = preSolution
		HideSolutionNode = FALSE
	EndGlobalSection
	GlobalSection(NestedProjects) = preSolution
		{477F1169-FF99-43ED-9F59-6E9145975C83} = {5CF47E73-A7FF-44B7-A56B-E63AEE04C52B}
		{067E1502-3887-46BF-8253-84D4AB45E1B6} = {5CF47E73-A7FF-44B7-A56B-E63AEE04C52B}
		{05EBBB6C-3B45-498C-B95E-0755F9FCA6A0} = {5CF47E73-A7FF-44B7-A56B-E63AEE04C52B}
		{B155611E-96F9-41A7-A3E0-47AAEEF2F604} = {5CF47E73-A7FF-44B7-A56B-E63AEE04C52B}
		{F5D68CA9-7C54-4A38-B860-1AA354FD1056} = {5CF47E73-A7FF-44B7-A56B-E63AEE04C52B}
	EndGlobalSection
	GlobalSection(ExtensibilityGlobals) = postSolution
		SolutionGuid = {91EA53E4-0F3A-4BCF-8BAD-83BBB73EEC66}
	EndGlobalSection
EndGlobal
