
Microsoft Visual Studio Solution File, Format Version 12.00
# Visual Studio Version 16
VisualStudioVersion = 16.0.30204.135
MinimumVisualStudioVersion = 10.0.40219.1
Project("{FAE04EC0-301F-11D3-BF4B-00C04F79EFBC}") = "MagicCrawler", "MagicCrawler\MagicCrawler.csproj", "{1105B0C9-CFAF-483E-BBFA-AB75C101BBC0}"
EndProject
Global
	GlobalSection(SolutionConfigurationPlatforms) = preSolution
		Debug|Any CPU = Debug|Any CPU
		Release|Any CPU = Release|Any CPU
	EndGlobalSection
	GlobalSection(ProjectConfigurationPlatforms) = postSolution
		{1105B0C9-CFAF-483E-BBFA-AB75C101BBC0}.Debug|Any CPU.ActiveCfg = Debug|Any CPU
		{1105B0C9-CFAF-483E-BBFA-AB75C101BBC0}.Debug|Any CPU.Build.0 = Debug|Any CPU
		{1105B0C9-CFAF-483E-BBFA-AB75C101BBC0}.Release|Any CPU.ActiveCfg = Release|Any CPU
		{1105B0C9-CFAF-483E-BBFA-AB75C101BBC0}.Release|Any CPU.Build.0 = Release|Any CPU
	EndGlobalSection
	GlobalSection(SolutionProperties) = preSolution
		HideSolutionNode = FALSE
	EndGlobalSection
	GlobalSection(ExtensibilityGlobals) = postSolution
		SolutionGuid = {1D3C6B96-B7E8-40F9-BB56-18683840CC96}
	EndGlobalSection
EndGlobal
